
Microsoft Visual Studio Solution File, Format Version 12.00
# Visual Studio Version 16
VisualStudioVersion = 16.0.30907.101
MinimumVisualStudioVersion = 10.0.40219.1
Project("{9A19103F-16F7-4668-BE54-9A1E7A4F7556}") = "Methods", "Methods\Methods.csproj", "{D4EC33E8-E075-412D-A6C7-BAAA3FC8162A}"
EndProject
Project("{9A19103F-16F7-4668-BE54-9A1E7A4F7556}") = "Mathematic.cs", "Mathematic.cs\Mathematic.cs.csproj", "{920A5BFD-5589-4576-8A30-6AE1A62295A8}"
EndProject
Project("{9A19103F-16F7-4668-BE54-9A1E7A4F7556}") = "DegerVeReferansTip", "DegerVeReferansTip\DegerVeReferansTip.csproj", "{7F907418-E193-431A-807B-0E6A225A6301}"
EndProject
Project("{9A19103F-16F7-4668-BE54-9A1E7A4F7556}") = "ClassMethodsDemo", "ClassMethodsDemo\ClassMethodsDemo.csproj", "{FD4B9D16-F71C-4EB9-8DF6-00B8F8132E26}"
EndProject
Project("{9A19103F-16F7-4668-BE54-9A1E7A4F7556}") = "OOP1", "OOP1\OOP1.csproj", "{F8A25B4E-73CB-4952-A6D5-FD8C763575CB}"
EndProject
Project("{9A19103F-16F7-4668-BE54-9A1E7A4F7556}") = "Collections", "Collections\Collections.csproj", "{69A910CC-0E1E-4935-A63F-70DB24D2B975}"
EndProject
Project("{9A19103F-16F7-4668-BE54-9A1E7A4F7556}") = "GenericsIntro", "GenericsIntro\GenericsIntro.csproj", "{233B54B8-4B59-4477-B283-59703F702451}"
EndProject
Project("{9A19103F-16F7-4668-BE54-9A1E7A4F7556}") = "ReferenceTypesHwDay4", "ReferenceTypesHwDay4\ReferenceTypesHwDay4.csproj", "{E3F64B5E-5AEF-46CF-A398-6992209F85ED}"
EndProject
Project("{9A19103F-16F7-4668-BE54-9A1E7A4F7556}") = "ConstructorsHomew4", "ConstructorsHomew4\ConstructorsHomew4.csproj", "{A672CC45-5D35-4362-8DEB-BBA9F7972D54}"
EndProject
Project("{9A19103F-16F7-4668-BE54-9A1E7A4F7556}") = "GenericsHomew4", "GenericsHomew4\GenericsHomew4.csproj", "{3C472600-5852-49D2-BD8B-70A4F3E5D19E}"
EndProject
Project("{FAE04EC0-301F-11D3-BF4B-00C04F79EFBC}") = "OOP2", "OOP2\OOP2.csproj", "{8FFAA346-28A4-457E-94C1-A38139786980}"
EndProject
Project("{FAE04EC0-301F-11D3-BF4B-00C04F79EFBC}") = "OOP3", "OOP3\OOP3.csproj", "{B2EFDDB9-F04D-4069-8F4D-56E0EA5C3B16}"
EndProject
Global
	GlobalSection(SolutionConfigurationPlatforms) = preSolution
		Debug|Any CPU = Debug|Any CPU
		Release|Any CPU = Release|Any CPU
	EndGlobalSection
	GlobalSection(ProjectConfigurationPlatforms) = postSolution
		{D4EC33E8-E075-412D-A6C7-BAAA3FC8162A}.Debug|Any CPU.ActiveCfg = Debug|Any CPU
		{D4EC33E8-E075-412D-A6C7-BAAA3FC8162A}.Debug|Any CPU.Build.0 = Debug|Any CPU
		{D4EC33E8-E075-412D-A6C7-BAAA3FC8162A}.Release|Any CPU.ActiveCfg = Release|Any CPU
		{D4EC33E8-E075-412D-A6C7-BAAA3FC8162A}.Release|Any CPU.Build.0 = Release|Any CPU
		{920A5BFD-5589-4576-8A30-6AE1A62295A8}.Debug|Any CPU.ActiveCfg = Debug|Any CPU
		{920A5BFD-5589-4576-8A30-6AE1A62295A8}.Debug|Any CPU.Build.0 = Debug|Any CPU
		{920A5BFD-5589-4576-8A30-6AE1A62295A8}.Release|Any CPU.ActiveCfg = Release|Any CPU
		{920A5BFD-5589-4576-8A30-6AE1A62295A8}.Release|Any CPU.Build.0 = Release|Any CPU
		{7F907418-E193-431A-807B-0E6A225A6301}.Debug|Any CPU.ActiveCfg = Debug|Any CPU
		{7F907418-E193-431A-807B-0E6A225A6301}.Debug|Any CPU.Build.0 = Debug|Any CPU
		{7F907418-E193-431A-807B-0E6A225A6301}.Release|Any CPU.ActiveCfg = Release|Any CPU
		{7F907418-E193-431A-807B-0E6A225A6301}.Release|Any CPU.Build.0 = Release|Any CPU
		{FD4B9D16-F71C-4EB9-8DF6-00B8F8132E26}.Debug|Any CPU.ActiveCfg = Debug|Any CPU
		{FD4B9D16-F71C-4EB9-8DF6-00B8F8132E26}.Debug|Any CPU.Build.0 = Debug|Any CPU
		{FD4B9D16-F71C-4EB9-8DF6-00B8F8132E26}.Release|Any CPU.ActiveCfg = Release|Any CPU
		{FD4B9D16-F71C-4EB9-8DF6-00B8F8132E26}.Release|Any CPU.Build.0 = Release|Any CPU
		{F8A25B4E-73CB-4952-A6D5-FD8C763575CB}.Debug|Any CPU.ActiveCfg = Debug|Any CPU
		{F8A25B4E-73CB-4952-A6D5-FD8C763575CB}.Debug|Any CPU.Build.0 = Debug|Any CPU
		{F8A25B4E-73CB-4952-A6D5-FD8C763575CB}.Release|Any CPU.ActiveCfg = Release|Any CPU
		{F8A25B4E-73CB-4952-A6D5-FD8C763575CB}.Release|Any CPU.Build.0 = Release|Any CPU
		{69A910CC-0E1E-4935-A63F-70DB24D2B975}.Debug|Any CPU.ActiveCfg = Debug|Any CPU
		{69A910CC-0E1E-4935-A63F-70DB24D2B975}.Debug|Any CPU.Build.0 = Debug|Any CPU
		{69A910CC-0E1E-4935-A63F-70DB24D2B975}.Release|Any CPU.ActiveCfg = Release|Any CPU
		{69A910CC-0E1E-4935-A63F-70DB24D2B975}.Release|Any CPU.Build.0 = Release|Any CPU
		{233B54B8-4B59-4477-B283-59703F702451}.Debug|Any CPU.ActiveCfg = Debug|Any CPU
		{233B54B8-4B59-4477-B283-59703F702451}.Debug|Any CPU.Build.0 = Debug|Any CPU
		{233B54B8-4B59-4477-B283-59703F702451}.Release|Any CPU.ActiveCfg = Release|Any CPU
		{233B54B8-4B59-4477-B283-59703F702451}.Release|Any CPU.Build.0 = Release|Any CPU
		{E3F64B5E-5AEF-46CF-A398-6992209F85ED}.Debug|Any CPU.ActiveCfg = Debug|Any CPU
		{E3F64B5E-5AEF-46CF-A398-6992209F85ED}.Debug|Any CPU.Build.0 = Debug|Any CPU
		{E3F64B5E-5AEF-46CF-A398-6992209F85ED}.Release|Any CPU.ActiveCfg = Release|Any CPU
		{E3F64B5E-5AEF-46CF-A398-6992209F85ED}.Release|Any CPU.Build.0 = Release|Any CPU
		{A672CC45-5D35-4362-8DEB-BBA9F7972D54}.Debug|Any CPU.ActiveCfg = Debug|Any CPU
		{A672CC45-5D35-4362-8DEB-BBA9F7972D54}.Debug|Any CPU.Build.0 = Debug|Any CPU
		{A672CC45-5D35-4362-8DEB-BBA9F7972D54}.Release|Any CPU.ActiveCfg = Release|Any CPU
		{A672CC45-5D35-4362-8DEB-BBA9F7972D54}.Release|Any CPU.Build.0 = Release|Any CPU
		{3C472600-5852-49D2-BD8B-70A4F3E5D19E}.Debug|Any CPU.ActiveCfg = Debug|Any CPU
		{3C472600-5852-49D2-BD8B-70A4F3E5D19E}.Debug|Any CPU.Build.0 = Debug|Any CPU
		{3C472600-5852-49D2-BD8B-70A4F3E5D19E}.Release|Any CPU.ActiveCfg = Release|Any CPU
		{3C472600-5852-49D2-BD8B-70A4F3E5D19E}.Release|Any CPU.Build.0 = Release|Any CPU
		{8FFAA346-28A4-457E-94C1-A38139786980}.Debug|Any CPU.ActiveCfg = Debug|Any CPU
		{8FFAA346-28A4-457E-94C1-A38139786980}.Debug|Any CPU.Build.0 = Debug|Any CPU
		{8FFAA346-28A4-457E-94C1-A38139786980}.Release|Any CPU.ActiveCfg = Release|Any CPU
		{8FFAA346-28A4-457E-94C1-A38139786980}.Release|Any CPU.Build.0 = Release|Any CPU
		{B2EFDDB9-F04D-4069-8F4D-56E0EA5C3B16}.Debug|Any CPU.ActiveCfg = Debug|Any CPU
		{B2EFDDB9-F04D-4069-8F4D-56E0EA5C3B16}.Debug|Any CPU.Build.0 = Debug|Any CPU
		{B2EFDDB9-F04D-4069-8F4D-56E0EA5C3B16}.Release|Any CPU.ActiveCfg = Release|Any CPU
		{B2EFDDB9-F04D-4069-8F4D-56E0EA5C3B16}.Release|Any CPU.Build.0 = Release|Any CPU
	EndGlobalSection
	GlobalSection(SolutionProperties) = preSolution
		HideSolutionNode = FALSE
	EndGlobalSection
	GlobalSection(ExtensibilityGlobals) = postSolution
		SolutionGuid = {6FF98E3F-D2C2-4D1D-8083-FA600CEE9204}
	EndGlobalSection
EndGlobal
